{
  "name": "bscroll-manager",
  "version": "1.0.0",
  "lockfileVersion": 3,
  "requires": true,
  "packages": {
    "": {
      "name": "bscroll-manager",
      "version": "1.0.0",
      "dependencies": {
        "@better-scroll/core": "^2.5.1",
        "@better-scroll/indicators": "^2.5.1",
        "@better-scroll/infinity": "^2.5.1",
        "@better-scroll/mouse-wheel": "^2.5.1",
        "@better-scroll/movable": "^2.5.1",
        "@better-scroll/nested-scroll": "^2.5.1",
        "@better-scroll/observe-dom": "^2.5.1",
        "@better-scroll/observe-image": "^2.5.1",
        "@better-scroll/pull-down": "^2.5.1",
        "@better-scroll/pull-up": "^2.5.1",
        "@better-scroll/scroll-bar": "^2.5.1",
        "@better-scroll/slide": "^2.5.1",
        "@better-scroll/wheel": "^2.5.1",
        "@better-scroll/zoom": "^2.5.1"
      }
    },
    "node_modules/@better-scroll/core": {
      "version": "2.5.1",
      "resolved": "https://registry.npmjs.org/@better-scroll/core/-/core-2.5.1.tgz",
      "integrity": "sha512-koKOuYA55dQ04FJRIVUpMGDr1hbCfWmfX0MGp1hKagkQSWSRpwblqACiwtggVauoj9aaJRJZ9hDsTM4weaavlg==",
      "license": "MIT",
      "dependencies": {
        "@better-scroll/shared-utils": "^2.5.1"
      }
    },
    "node_modules/@better-scroll/indicators": {
      "version": "2.5.1",
      "resolved": "https://registry.npmjs.org/@better-scroll/indicators/-/indicators-2.5.1.tgz",
      "integrity": "sha512-Hk+Y00pR6fTsu6C9HGg1yYZtsu1gAcTgcs4C9aM5h6fQANX/T2YIYrOSjZmdL+js2PTcXJWZS8VM4Xjoi1PbfQ==",
      "dependencies": {
        "@better-scroll/core": "^2.5.1"
      }
    },
    "node_modules/@better-scroll/infinity": {
      "version": "2.5.1",
      "resolved": "https://registry.npmjs.org/@better-scroll/infinity/-/infinity-2.5.1.tgz",
      "integrity": "sha512-GKHrrasIh0KlGzhASHDo5hEEBJcDFpP4XaZGPH9Ey8+QBH6/O1ykAXS2ixkVAOTkBrv+KgFXoCUr4oN1xWeM+g==",
      "dependencies": {
        "@better-scroll/core": "^2.5.1"
      }
    },
    "node_modules/@better-scroll/mouse-wheel": {
      "version": "2.5.1",
      "resolved": "https://registry.npmjs.org/@better-scroll/mouse-wheel/-/mouse-wheel-2.5.1.tgz",
      "integrity": "sha512-DGnrirRMY6zMM7xwgx09D/cA9A//3J1/uDkq8iBVEyE5p0sEr/keQpjEfFHGkBRa505BnbBwdbN6f5lugEDSPw==",
      "license": "MIT",
      "dependencies": {
        "@better-scroll/core": "^2.5.1"
      }
    },
    "node_modules/@better-scroll/movable": {
      "version": "2.5.1",
      "resolved": "https://registry.npmjs.org/@better-scroll/movable/-/movable-2.5.1.tgz",
      "integrity": "sha512-8bLPRY15bbK4K5+tjrtdaKsFFKmJx72wRdg+xz3xQGFcTD940HFkJiORSOcz8Ufue7eOJfcmreQJBw6XY+TqTw==",
      "license": "MIT",
      "dependencies": {
        "@better-scroll/core": "^2.5.1"
      }
    },
    "node_modules/@better-scroll/nested-scroll": {
      "version": "2.5.1",
      "resolved": "https://registry.npmjs.org/@better-scroll/nested-scroll/-/nested-scroll-2.5.1.tgz",
      "integrity": "sha512-3cRsARxf9tq1VWBq7YAaET0xGAmgY1ERMmnXDo2gHFrmsJoNOionlpAeHdZvKQp2jG7JrzJ1O27nGCXf40gnkw==",
      "license": "MIT",
      "dependencies": {
        "@better-scroll/core": "^2.5.1"
      }
    },
    "node_modules/@better-scroll/observe-dom": {
      "version": "2.5.1",
      "resolved": "https://registry.npmjs.org/@better-scroll/observe-dom/-/observe-dom-2.5.1.tgz",
      "integrity": "sha512-TCMGFLRfpXBPIwtUV/efliUmfmrhSNI7NXdSyjdWjsLOS7dh3eFkmcom5ERVWMaXVELSmujGXLqobT+dT0C/jg==",
      "license": "MIT",
      "dependencies": {
        "@better-scroll/core": "^2.5.1"
      }
    },
    "node_modules/@better-scroll/observe-image": {
      "version": "2.5.1",
      "resolved": "https://registry.npmjs.org/@better-scroll/observe-image/-/observe-image-2.5.1.tgz",
      "integrity": "sha512-0Lhfj83o8EESwOxr8bfStCzNOokTm3KB7JeyMS8u/xl+3tyTuls9889cyAukYk4Yly1cS49pCGfj2P8YOiwtUg==",
      "license": "MIT",
      "dependencies": {
        "@better-scroll/core": "^2.5.1"
      }
    },
    "node_modules/@better-scroll/pull-down": {
      "version": "2.5.1",
      "resolved": "https://registry.npmjs.org/@better-scroll/pull-down/-/pull-down-2.5.1.tgz",
      "integrity": "sha512-Y6XcGu2NlevPg3k9VBRRFvpmfoTA+rO96JGdog2qKHclIPNXnsVwsIHtZfAm9weE/f9UuC4BnB+VUFRlucfupg==",
      "license": "MIT",
      "dependencies": {
        "@better-scroll/core": "^2.5.1"
      }
    },
    "node_modules/@better-scroll/pull-up": {
      "version": "2.5.1",
      "resolved": "https://registry.npmjs.org/@better-scroll/pull-up/-/pull-up-2.5.1.tgz",
      "integrity": "sha512-1hu3xSMxdB8T391KffpNZ7g93lMwZEHjfb1F1Y4KvIkciDt8nXqkGpqrZF+YwR+EJTgYcWqUO8kgmI6XXu7Pkg==",
      "dependencies": {
        "@better-scroll/core": "^2.5.1"
      }
    },
    "node_modules/@better-scroll/scroll-bar": {
      "version": "2.5.1",
      "resolved": "https://registry.npmjs.org/@better-scroll/scroll-bar/-/scroll-bar-2.5.1.tgz",
      "integrity": "sha512-i6r60pWG/ztkFK2j5Gj54I0LJb2jGh5TWJNQBoW0gUkp28B+0JvBFTwZn9tF7beZCBorKR7Hvvu4O9A1TJy94Q==",
      "dependencies": {
        "@better-scroll/core": "^2.5.1"
      }
    },
    "node_modules/@better-scroll/shared-utils": {
      "version": "2.5.1",
      "resolved": "https://registry.npmjs.org/@better-scroll/shared-utils/-/shared-utils-2.5.1.tgz",
      "integrity": "sha512-AplkfSjXVYP9LZiD6JsKgmgQJ/mG4uuLmBuwLz8W5OsYc7AYTfN8kw6GqZ5OwCGoXkVhBGyd8NeC4xwYItp0aw=="
    },
    "node_modules/@better-scroll/slide": {
      "version": "2.5.1",
      "resolved": "https://registry.npmjs.org/@better-scroll/slide/-/slide-2.5.1.tgz",
      "integrity": "sha512-aDOrfsmjAcz6DXN7mDX3tPieAn195R43Yn9e3waI19TIEok/mQlI1a/kb5quqWOoxkiaZQ8xe3vx5ZTj9C+F6Q==",
      "license": "MIT",
      "dependencies": {
        "@better-scroll/core": "^2.5.1"
      }
    },
    "node_modules/@better-scroll/wheel": {
      "version": "2.5.1",
      "resolved": "https://registry.npmjs.org/@better-scroll/wheel/-/wheel-2.5.1.tgz",
      "integrity": "sha512-fYLcEvkh88Z/2L+P5/+SGMunuc+HzAjGOiORIa/x21qb/knO2RFH4A/V1Rt3OIW4QluWzuFnU6jJRPlsQVZ4fg==",
      "license": "MIT",
      "dependencies": {
        "@better-scroll/core": "^2.5.1"
      }
    },
    "node_modules/@better-scroll/zoom": {
      "version": "2.5.1",
      "resolved": "https://registry.npmjs.org/@better-scroll/zoom/-/zoom-2.5.1.tgz",
      "integrity": "sha512-aGvFY5ooeZWS4RcxQLD+pGLpQHQxpPy0sMZV3yadcd2QK53PK9gS4Dp+BYfRv8lZ4/P2LoNEhr6Wq1DN6+uPlA==",
      "license": "MIT",
      "dependencies": {
        "@better-scroll/core": "^2.5.1"
      }
    }
  }
}
